<?xml version="1.0" encoding="utf-8"?>
<Project ToolsVersion="4.0" xmlns="http://schemas.microsoft.com/developer/msbuild/2003">
  <ItemGroup>
    <Filter Include="Source Files">
      <UniqueIdentifier>{4FC737F1-C7A5-4376-A066-2A32D752A2FF}</UniqueIdentifier>
      <Extensions>cpp;c;cc;cxx;c++;cppm;ixx;def;odl;idl;hpj;bat;asm;asmx</Extensions>
    </Filter>
    <Filter Include="Header Files">
      <UniqueIdentifier>{93995380-89BD-4b04-88EB-625FBE52EBFB}</UniqueIdentifier>
      <Extensions>h;hh;hpp;hxx;h++;hm;inl;inc;ipp;xsd</Extensions>
    </Filter>
    <Filter Include="Resource Files">
      <UniqueIdentifier>{67DA6AB6-F800-4c08-8B7A-83BB121AAD01}</UniqueIdentifier>
      <Extensions>rc;ico;cur;bmp;dlg;rc2;rct;bin;rgs;gif;jpg;jpeg;jpe;resx;tiff;tif;png;wav;mfcribbon-ms</Extensions>
    </Filter>
    <Filter Include="Header Files\GameEngine">
      <UniqueIdentifier>{9f8eccfe-47b3-41fe-834a-4bd2fa2cc91f}</UniqueIdentifier>
    </Filter>
    <Filter Include="Source Files\GameEngine">
      <UniqueIdentifier>{fc26aedd-c9b6-4c04-8945-a538950c3778}</UniqueIdentifier>
    </Filter>
    <Filter Include="Header Files\Characters">
      <UniqueIdentifier>{36a23a14-638a-47e1-877e-13f84231d452}</UniqueIdentifier>
    </Filter>
    <Filter Include="Source Files\Characters">
      <UniqueIdentifier>{9f1a6a4c-3387-4810-b15d-4fae0e9f4977}</UniqueIdentifier>
    </Filter>
    <Filter Include="Header Files\Characters\Typen">
      <UniqueIdentifier>{0d43bf8d-1d20-409d-b840-8b6340e4c402}</UniqueIdentifier>
    </Filter>
    <Filter Include="Source Files\Characters\Typen">
      <UniqueIdentifier>{e8dc5caf-811e-4306-8e4e-8ea90043d09f}</UniqueIdentifier>
    </Filter>
    <Filter Include="Header Files\Characters\Laufanimationen">
      <UniqueIdentifier>{d7040f6e-0727-4481-8424-8b0cfbe01f9b}</UniqueIdentifier>
    </Filter>
    <Filter Include="Header Files\Characters\WeaponInformation">
      <UniqueIdentifier>{a3febfea-21cf-49c4-a672-15d9584112f5}</UniqueIdentifier>
    </Filter>
  </ItemGroup>
  <ItemGroup>
    <ClCompile Include="Abenteuerspiel.cpp">
      <Filter>Source Files</Filter>
    </ClCompile>
    <ClCompile Include="GameEngine.cpp">
      <Filter>Source Files\GameEngine</Filter>
    </ClCompile>
    <ClCompile Include="Character.cpp">
      <Filter>Source Files\Characters</Filter>
    </ClCompile>
  </ItemGroup>
  <ItemGroup>
    <ClInclude Include="GameEngine.h">
      <Filter>Header Files\GameEngine</Filter>
    </ClInclude>
    <ClInclude Include="Character.h">
      <Filter>Header Files\Characters</Filter>
    </ClInclude>
    <ClInclude Include="ICharacter.h">
      <Filter>Header Files\Characters</Filter>
    </ClInclude>
    <ClInclude Include="Ork.h">
      <Filter>Header Files\Characters\Typen</Filter>
    </ClInclude>
    <ClInclude Include="ILaufanimation.h">
      <Filter>Header Files\Characters\Laufanimationen</Filter>
    </ClInclude>
    <ClInclude Include="StandartLaufanimation.h">
      <Filter>Header Files\Characters\Laufanimationen</Filter>
    </ClInclude>
    <ClInclude Include="StandLaufanimation.h">
      <Filter>Header Files\Characters\Laufanimationen</Filter>
    </ClInclude>
    <ClInclude Include="Mensch.h">
      <Filter>Header Files\Characters\Typen</Filter>
    </ClInclude>
    <ClInclude Include="Zwerg.h">
      <Filter>Header Files\Characters\Typen</Filter>
    </ClInclude>
    <ClInclude Include="IWeaponInfo.h">
      <Filter>Header Files\Characters\WeaponInformation</Filter>
    </ClInclude>
    <ClInclude Include="Axt.h">
      <Filter>Header Files\Characters\WeaponInformation</Filter>
    </ClInclude>
    <ClInclude Include="Zweihandaxt.h">
      <Filter>Header Files\Characters\WeaponInformation</Filter>
    </ClInclude>
    <ClInclude Include="Schwert.h">
      <Filter>Header Files\Characters\WeaponInformation</Filter>
    </ClInclude>
    <ClInclude Include="Faust.h">
      <Filter>Header Files\Characters\WeaponInformation</Filter>
    </ClInclude>
  </ItemGroup>
</Project>